
Microsoft Visual Studio Solution File, Format Version 12.00
# Visual Studio Version 17
VisualStudioVersion = 17.0.31903.59
MinimumVisualStudioVersion = 10.0.40219.1
Project("{2150E333-8FDC-42A3-9474-1A3956D46DE8}") = "apps", "apps", "{1787FE1D-075E-9E68-7218-25F1BD1BBEAB}"
EndProject
Project("{2150E333-8FDC-42A3-9474-1A3956D46DE8}") = "locks-api", "locks-api", "{8E9A4F18-98A5-F905-1923-4706480A52D1}"
EndProject
Project("{FAE04EC0-301F-11D3-BF4B-00C04F79EFBC}") = "Locks.Api", "apps\locks-api\Locks.Api\Locks.Api.csproj", "{D812A15D-0217-43B0-B067-2E9CFDF5932F}"
EndProject
Project("{2150E333-8FDC-42A3-9474-1A3956D46DE8}") = "audit-worker", "audit-worker", "{6FAA28CC-405F-8438-BBD4-0D10B8ED39A3}"
EndProject
Project("{FAE04EC0-301F-11D3-BF4B-00C04F79EFBC}") = "Audit.Worker", "apps\audit-worker\Audit.Worker\Audit.Worker.csproj", "{175CEE38-9EB7-407B-A102-A81166E178BC}"
EndProject
Project("{2150E333-8FDC-42A3-9474-1A3956D46DE8}") = "aspire", "aspire", "{64880D93-BAB4-FF83-898C-B934B68C31A9}"
EndProject
Project("{2150E333-8FDC-42A3-9474-1A3956D46DE8}") = "AppHost", "AppHost", "{2A88621A-375B-68BD-77B2-43056A0C9194}"
EndProject
Project("{FAE04EC0-301F-11D3-BF4B-00C04F79EFBC}") = "AppHost", "aspire\AppHost\AppHost\AppHost.csproj", "{09B49B61-799C-4267-A2BF-30C0A38867AD}"
EndProject
Project("{2150E333-8FDC-42A3-9474-1A3956D46DE8}") = "ServiceDefaults", "ServiceDefaults", "{AD2170D9-0110-8184-0934-C3F04FE7715E}"
EndProject
Project("{FAE04EC0-301F-11D3-BF4B-00C04F79EFBC}") = "ServiceDefaults", "aspire\ServiceDefaults\ServiceDefaults\ServiceDefaults.csproj", "{F60E3084-938C-42AE-946C-7984D2B8390B}"
EndProject
Global
	GlobalSection(SolutionConfigurationPlatforms) = preSolution
		Debug|Any CPU = Debug|Any CPU
		Debug|x64 = Debug|x64
		Debug|x86 = Debug|x86
		Release|Any CPU = Release|Any CPU
		Release|x64 = Release|x64
		Release|x86 = Release|x86
	EndGlobalSection
	GlobalSection(ProjectConfigurationPlatforms) = postSolution
		{D812A15D-0217-43B0-B067-2E9CFDF5932F}.Debug|Any CPU.ActiveCfg = Debug|Any CPU
		{D812A15D-0217-43B0-B067-2E9CFDF5932F}.Debug|Any CPU.Build.0 = Debug|Any CPU
		{D812A15D-0217-43B0-B067-2E9CFDF5932F}.Debug|x64.ActiveCfg = Debug|Any CPU
		{D812A15D-0217-43B0-B067-2E9CFDF5932F}.Debug|x64.Build.0 = Debug|Any CPU
		{D812A15D-0217-43B0-B067-2E9CFDF5932F}.Debug|x86.ActiveCfg = Debug|Any CPU
		{D812A15D-0217-43B0-B067-2E9CFDF5932F}.Debug|x86.Build.0 = Debug|Any CPU
		{D812A15D-0217-43B0-B067-2E9CFDF5932F}.Release|Any CPU.ActiveCfg = Release|Any CPU
		{D812A15D-0217-43B0-B067-2E9CFDF5932F}.Release|Any CPU.Build.0 = Release|Any CPU
		{D812A15D-0217-43B0-B067-2E9CFDF5932F}.Release|x64.ActiveCfg = Release|Any CPU
		{D812A15D-0217-43B0-B067-2E9CFDF5932F}.Release|x64.Build.0 = Release|Any CPU
		{D812A15D-0217-43B0-B067-2E9CFDF5932F}.Release|x86.ActiveCfg = Release|Any CPU
		{D812A15D-0217-43B0-B067-2E9CFDF5932F}.Release|x86.Build.0 = Release|Any CPU
		{175CEE38-9EB7-407B-A102-A81166E178BC}.Debug|Any CPU.ActiveCfg = Debug|Any CPU
		{175CEE38-9EB7-407B-A102-A81166E178BC}.Debug|Any CPU.Build.0 = Debug|Any CPU
		{175CEE38-9EB7-407B-A102-A81166E178BC}.Debug|x64.ActiveCfg = Debug|Any CPU
		{175CEE38-9EB7-407B-A102-A81166E178BC}.Debug|x64.Build.0 = Debug|Any CPU
		{175CEE38-9EB7-407B-A102-A81166E178BC}.Debug|x86.ActiveCfg = Debug|Any CPU
		{175CEE38-9EB7-407B-A102-A81166E178BC}.Debug|x86.Build.0 = Debug|Any CPU
		{175CEE38-9EB7-407B-A102-A81166E178BC}.Release|Any CPU.ActiveCfg = Release|Any CPU
		{175CEE38-9EB7-407B-A102-A81166E178BC}.Release|Any CPU.Build.0 = Release|Any CPU
		{175CEE38-9EB7-407B-A102-A81166E178BC}.Release|x64.ActiveCfg = Release|Any CPU
		{175CEE38-9EB7-407B-A102-A81166E178BC}.Release|x64.Build.0 = Release|Any CPU
		{175CEE38-9EB7-407B-A102-A81166E178BC}.Release|x86.ActiveCfg = Release|Any CPU
		{175CEE38-9EB7-407B-A102-A81166E178BC}.Release|x86.Build.0 = Release|Any CPU
		{09B49B61-799C-4267-A2BF-30C0A38867AD}.Debug|Any CPU.ActiveCfg = Debug|Any CPU
		{09B49B61-799C-4267-A2BF-30C0A38867AD}.Debug|Any CPU.Build.0 = Debug|Any CPU
		{09B49B61-799C-4267-A2BF-30C0A38867AD}.Debug|x64.ActiveCfg = Debug|Any CPU
		{09B49B61-799C-4267-A2BF-30C0A38867AD}.Debug|x64.Build.0 = Debug|Any CPU
		{09B49B61-799C-4267-A2BF-30C0A38867AD}.Debug|x86.ActiveCfg = Debug|Any CPU
		{09B49B61-799C-4267-A2BF-30C0A38867AD}.Debug|x86.Build.0 = Debug|Any CPU
		{09B49B61-799C-4267-A2BF-30C0A38867AD}.Release|Any CPU.ActiveCfg = Release|Any CPU
		{09B49B61-799C-4267-A2BF-30C0A38867AD}.Release|Any CPU.Build.0 = Release|Any CPU
		{09B49B61-799C-4267-A2BF-30C0A38867AD}.Release|x64.ActiveCfg = Release|Any CPU
		{09B49B61-799C-4267-A2BF-30C0A38867AD}.Release|x64.Build.0 = Release|Any CPU
		{09B49B61-799C-4267-A2BF-30C0A38867AD}.Release|x86.ActiveCfg = Release|Any CPU
		{09B49B61-799C-4267-A2BF-30C0A38867AD}.Release|x86.Build.0 = Release|Any CPU
		{F60E3084-938C-42AE-946C-7984D2B8390B}.Debug|Any CPU.ActiveCfg = Debug|Any CPU
		{F60E3084-938C-42AE-946C-7984D2B8390B}.Debug|Any CPU.Build.0 = Debug|Any CPU
		{F60E3084-938C-42AE-946C-7984D2B8390B}.Debug|x64.ActiveCfg = Debug|Any CPU
		{F60E3084-938C-42AE-946C-7984D2B8390B}.Debug|x64.Build.0 = Debug|Any CPU
		{F60E3084-938C-42AE-946C-7984D2B8390B}.Debug|x86.ActiveCfg = Debug|Any CPU
		{F60E3084-938C-42AE-946C-7984D2B8390B}.Debug|x86.Build.0 = Debug|Any CPU
		{F60E3084-938C-42AE-946C-7984D2B8390B}.Release|Any CPU.ActiveCfg = Release|Any CPU
		{F60E3084-938C-42AE-946C-7984D2B8390B}.Release|Any CPU.Build.0 = Release|Any CPU
		{F60E3084-938C-42AE-946C-7984D2B8390B}.Release|x64.ActiveCfg = Release|Any CPU
		{F60E3084-938C-42AE-946C-7984D2B8390B}.Release|x64.Build.0 = Release|Any CPU
		{F60E3084-938C-42AE-946C-7984D2B8390B}.Release|x86.ActiveCfg = Release|Any CPU
		{F60E3084-938C-42AE-946C-7984D2B8390B}.Release|x86.Build.0 = Release|Any CPU
	EndGlobalSection
	GlobalSection(SolutionProperties) = preSolution
		HideSolutionNode = FALSE
	EndGlobalSection
	GlobalSection(NestedProjects) = preSolution
		{8E9A4F18-98A5-F905-1923-4706480A52D1} = {1787FE1D-075E-9E68-7218-25F1BD1BBEAB}
		{D812A15D-0217-43B0-B067-2E9CFDF5932F} = {8E9A4F18-98A5-F905-1923-4706480A52D1}
		{6FAA28CC-405F-8438-BBD4-0D10B8ED39A3} = {1787FE1D-075E-9E68-7218-25F1BD1BBEAB}
		{175CEE38-9EB7-407B-A102-A81166E178BC} = {6FAA28CC-405F-8438-BBD4-0D10B8ED39A3}
		{2A88621A-375B-68BD-77B2-43056A0C9194} = {64880D93-BAB4-FF83-898C-B934B68C31A9}
		{09B49B61-799C-4267-A2BF-30C0A38867AD} = {2A88621A-375B-68BD-77B2-43056A0C9194}
		{AD2170D9-0110-8184-0934-C3F04FE7715E} = {64880D93-BAB4-FF83-898C-B934B68C31A9}
		{F60E3084-938C-42AE-946C-7984D2B8390B} = {AD2170D9-0110-8184-0934-C3F04FE7715E}
	EndGlobalSection
EndGlobal
